// !$*UTF8*$!
{
	archiveVersion = 1;
	classes = {
	};
	objectVersion = 46;
	objects = {

/* Begin PBXBuildFile section */
		CE078F49D064E69FA88C342F /* libPods.a in Frameworks */ = {isa = PBXBuildFile; fileRef = E8ECC8C0FC39FC2D49766AFB /* libPods.a */; };
		DD10924D1B03DF4B00CEA7DC /* PrivacyPolicyViewController.swift in Sources */ = {isa = PBXBuildFile; fileRef = DD10924C1B03DF4B00CEA7DC /* PrivacyPolicyViewController.swift */; };
		DD10924F1B03DF5E00CEA7DC /* EULAViewController.swift in Sources */ = {isa = PBXBuildFile; fileRef = DD10924E1B03DF5E00CEA7DC /* EULAViewController.swift */; };
		DD1092511B03E42200CEA7DC /* SignUpView.xib in Resources */ = {isa = PBXBuildFile; fileRef = DD1092501B03E42200CEA7DC /* SignUpView.xib */; };
		DD1092531B03E5CE00CEA7DC /* SignupView.swift in Sources */ = {isa = PBXBuildFile; fileRef = DD1092521B03E5CE00CEA7DC /* SignupView.swift */; };
		DD138C821AE58D8500C74E8A /* AddAuthorViewController.swift in Sources */ = {isa = PBXBuildFile; fileRef = DD138C811AE58D8500C74E8A /* AddAuthorViewController.swift */; };
		DD138C841AE58F1600C74E8A /* UserTableViewCell.swift in Sources */ = {isa = PBXBuildFile; fileRef = DD138C831AE58F1600C74E8A /* UserTableViewCell.swift */; };
		DD2E0C431ADF79D7003BB496 /* Crashlytics.framework in Frameworks */ = {isa = PBXBuildFile; fileRef = DD2E0C411ADF79D7003BB496 /* Crashlytics.framework */; };
		DD2E0C441ADF79D7003BB496 /* Fabric.framework in Frameworks */ = {isa = PBXBuildFile; fileRef = DD2E0C421ADF79D7003BB496 /* Fabric.framework */; };
		DD3D45AD1ACF0F31001B38BD /* AVFoundation.framework in Frameworks */ = {isa = PBXBuildFile; fileRef = DD3D45AC1ACF0F31001B38BD /* AVFoundation.framework */; };
		DD3D45AF1ACF0F3E001B38BD /* CoreMedia.framework in Frameworks */ = {isa = PBXBuildFile; fileRef = DD3D45AE1ACF0F3E001B38BD /* CoreMedia.framework */; };
		DD3D45B11ACF0F44001B38BD /* CoreVideo.framework in Frameworks */ = {isa = PBXBuildFile; fileRef = DD3D45B01ACF0F44001B38BD /* CoreVideo.framework */; };
		DD3D45B31ACF0F4D001B38BD /* CoreImage.framework in Frameworks */ = {isa = PBXBuildFile; fileRef = DD3D45B21ACF0F4D001B38BD /* CoreImage.framework */; };
		DD3D45B51ACF0F59001B38BD /* ImageIO.framework in Frameworks */ = {isa = PBXBuildFile; fileRef = DD3D45B41ACF0F59001B38BD /* ImageIO.framework */; };
		DD3D45B71ACF0F63001B38BD /* OpenGLES.framework in Frameworks */ = {isa = PBXBuildFile; fileRef = DD3D45B61ACF0F63001B38BD /* OpenGLES.framework */; };
		DD3D45B91ACF0F68001B38BD /* UIKit.framework in Frameworks */ = {isa = PBXBuildFile; fileRef = DD3D45B81ACF0F68001B38BD /* UIKit.framework */; };
		DD3D460B1ACF1255001B38BD /* Podfile in Resources */ = {isa = PBXBuildFile; fileRef = DD3D460A1ACF1255001B38BD /* Podfile */; };
		DD3F06A81AFBEFE300647963 /* PostersViewController.swift in Sources */ = {isa = PBXBuildFile; fileRef = DD3F06A71AFBEFE300647963 /* PostersViewController.swift */; };
		DD3F06AA1AFC158900647963 /* ProfileImageViewController.swift in Sources */ = {isa = PBXBuildFile; fileRef = DD3F06A91AFC158900647963 /* ProfileImageViewController.swift */; };
		DD42B7211AF4192E0001565A /* SettingsViewController.swift in Sources */ = {isa = PBXBuildFile; fileRef = DD42B7201AF4192E0001565A /* SettingsViewController.swift */; };
		DD49B4201ACF13970027F2C9 /* libstdc++.6.dylib in Frameworks */ = {isa = PBXBuildFile; fileRef = DD3D45981ACF0CAA001B38BD /* libstdc++.6.dylib */; };
		DD4A77241AF3DF5300573585 /* HamburgerViewController.swift in Sources */ = {isa = PBXBuildFile; fileRef = DD4A77231AF3DF5300573585 /* HamburgerViewController.swift */; };
		DD60BCFD1AF7FA5F000755E6 /* SwitchView.xib in Resources */ = {isa = PBXBuildFile; fileRef = DD60BCFC1AF7FA5F000755E6 /* SwitchView.xib */; };
		DD60BCFF1AF7FBA6000755E6 /* RankingSwitch.swift in Sources */ = {isa = PBXBuildFile; fileRef = DD60BCFE1AF7FBA6000755E6 /* RankingSwitch.swift */; };
		DD70FBD11ACF16DE0002C5CC /* ParseUI.framework in Frameworks */ = {isa = PBXBuildFile; fileRef = DD70FBD01ACF16DE0002C5CC /* ParseUI.framework */; };
		DD70FBD31ACF16FB0002C5CC /* Parse.framework in Frameworks */ = {isa = PBXBuildFile; fileRef = DD70FBD21ACF16FB0002C5CC /* Parse.framework */; };
		DD842DB31AF98319001B5FD9 /* AlternativeStoryweaveLogoTransparent.png in Resources */ = {isa = PBXBuildFile; fileRef = DD842DB21AF98319001B5FD9 /* AlternativeStoryweaveLogoTransparent.png */; };
		DD8C82851AD5CE1E00B9A47B /* ProfileViewController.swift in Sources */ = {isa = PBXBuildFile; fileRef = DD8C82841AD5CE1E00B9A47B /* ProfileViewController.swift */; };
		DD8C828B1AD5D52600B9A47B /* menu_icon_white.png in Resources */ = {isa = PBXBuildFile; fileRef = DD8C828A1AD5D52600B9A47B /* menu_icon_white.png */; };
		DD9AD1C71AE6D72F00AE7EEB /* check_icon_green.png in Resources */ = {isa = PBXBuildFile; fileRef = DD9AD1C61AE6D72F00AE7EEB /* check_icon_green.png */; };
		DD9B26DE1AD8574600E6D3DE /* CustomLoginViewController.swift in Sources */ = {isa = PBXBuildFile; fileRef = DD9B26DD1AD8574600E6D3DE /* CustomLoginViewController.swift */; };
		DD9B26E01AD8578A00E6D3DE /* CustomSignUpViewController.swift in Sources */ = {isa = PBXBuildFile; fileRef = DD9B26DF1AD8578A00E6D3DE /* CustomSignUpViewController.swift */; };
		DD9B26E21AD85F9800E6D3DE /* storyweave_logo.png in Resources */ = {isa = PBXBuildFile; fileRef = DD9B26E11AD85F9800E6D3DE /* storyweave_logo.png */; };
		DDBA71F61AC5FCC100D0EC97 /* Accounts.framework in Frameworks */ = {isa = PBXBuildFile; fileRef = DDBA71F51AC5FCC100D0EC97 /* Accounts.framework */; };
		DDBA71F81AC5FCC700D0EC97 /* AudioToolbox.framework in Frameworks */ = {isa = PBXBuildFile; fileRef = DDBA71F71AC5FCC700D0EC97 /* AudioToolbox.framework */; };
		DDBA71FA1AC5FCCC00D0EC97 /* CFNetwork.framework in Frameworks */ = {isa = PBXBuildFile; fileRef = DDBA71F91AC5FCCC00D0EC97 /* CFNetwork.framework */; };
		DDBA71FD1AC5FCD400D0EC97 /* CoreGraphics.framework in Frameworks */ = {isa = PBXBuildFile; fileRef = DDBA71FB1AC5FCD400D0EC97 /* CoreGraphics.framework */; };
		DDBA71FE1AC5FCD400D0EC97 /* CoreLocation.framework in Frameworks */ = {isa = PBXBuildFile; fileRef = DDBA71FC1AC5FCD400D0EC97 /* CoreLocation.framework */; };
		DDBA72001AC5FCDA00D0EC97 /* MobileCoreServices.framework in Frameworks */ = {isa = PBXBuildFile; fileRef = DDBA71FF1AC5FCDA00D0EC97 /* MobileCoreServices.framework */; };
		DDBA72021AC5FCDF00D0EC97 /* QuartzCore.framework in Frameworks */ = {isa = PBXBuildFile; fileRef = DDBA72011AC5FCDF00D0EC97 /* QuartzCore.framework */; };
		DDBA72041AC5FCE500D0EC97 /* Security.framework in Frameworks */ = {isa = PBXBuildFile; fileRef = DDBA72031AC5FCE500D0EC97 /* Security.framework */; };
		DDBA72061AC5FCEA00D0EC97 /* Social.framework in Frameworks */ = {isa = PBXBuildFile; fileRef = DDBA72051AC5FCEA00D0EC97 /* Social.framework */; };
		DDBA720A1AC5FCF800D0EC97 /* SystemConfiguration.framework in Frameworks */ = {isa = PBXBuildFile; fileRef = DDBA72091AC5FCF800D0EC97 /* SystemConfiguration.framework */; };
		DDBA720C1AC5FCFE00D0EC97 /* libz.dylib in Frameworks */ = {isa = PBXBuildFile; fileRef = DDBA720B1AC5FCFE00D0EC97 /* libz.dylib */; };
		DDBA720E1AC5FD0700D0EC97 /* libsqlite3.dylib in Frameworks */ = {isa = PBXBuildFile; fileRef = DDBA720D1AC5FD0700D0EC97 /* libsqlite3.dylib */; };
		DDC55B051AD4965A00659E70 /* user_icon_scaled_white.png in Resources */ = {isa = PBXBuildFile; fileRef = DDC55B041AD4965A00659E70 /* user_icon_scaled_white.png */; };
		DDC55B071AD49C0700659E70 /* play_button_icon_white.png in Resources */ = {isa = PBXBuildFile; fileRef = DDC55B061AD49C0700659E70 /* play_button_icon_white.png */; };
		DDC9368B1AC47CAE006D4646 /* AppDelegate.swift in Sources */ = {isa = PBXBuildFile; fileRef = DDC9368A1AC47CAE006D4646 /* AppDelegate.swift */; };
		DDC9368E1AC47CAE006D4646 /* Storytime.xcdatamodeld in Sources */ = {isa = PBXBuildFile; fileRef = DDC9368C1AC47CAE006D4646 /* Storytime.xcdatamodeld */; };
		DDC936901AC47CAE006D4646 /* ViewController.swift in Sources */ = {isa = PBXBuildFile; fileRef = DDC9368F1AC47CAE006D4646 /* ViewController.swift */; };
		DDC936931AC47CAE006D4646 /* Main.storyboard in Resources */ = {isa = PBXBuildFile; fileRef = DDC936911AC47CAE006D4646 /* Main.storyboard */; };
		DDC936951AC47CAE006D4646 /* Images.xcassets in Resources */ = {isa = PBXBuildFile; fileRef = DDC936941AC47CAE006D4646 /* Images.xcassets */; };
		DDC936981AC47CAE006D4646 /* LaunchScreen.xib in Resources */ = {isa = PBXBuildFile; fileRef = DDC936961AC47CAE006D4646 /* LaunchScreen.xib */; };
		DDC936A41AC47CAE006D4646 /* StorytimeTests.swift in Sources */ = {isa = PBXBuildFile; fileRef = DDC936A31AC47CAE006D4646 /* StorytimeTests.swift */; };
		DDC936AE1AC47D32006D4646 /* RankingViewController.swift in Sources */ = {isa = PBXBuildFile; fileRef = DDC936AD1AC47D32006D4646 /* RankingViewController.swift */; };
		DDC939E31AC47FD8006D4646 /* config.json in Resources */ = {isa = PBXBuildFile; fileRef = DDC939D31AC47FD8006D4646 /* config.json */; };
		DDC939E41AC47FD8006D4646 /* animation.css in Resources */ = {isa = PBXBuildFile; fileRef = DDC939D51AC47FD8006D4646 /* animation.css */; };
		DDC939E51AC47FD8006D4646 /* fontello-codes.css in Resources */ = {isa = PBXBuildFile; fileRef = DDC939D61AC47FD8006D4646 /* fontello-codes.css */; };
		DDC939E61AC47FD8006D4646 /* fontello-embedded.css in Resources */ = {isa = PBXBuildFile; fileRef = DDC939D71AC47FD8006D4646 /* fontello-embedded.css */; };
		DDC939E71AC47FD8006D4646 /* fontello-ie7-codes.css in Resources */ = {isa = PBXBuildFile; fileRef = DDC939D81AC47FD8006D4646 /* fontello-ie7-codes.css */; };
		DDC939E81AC47FD8006D4646 /* fontello-ie7.css in Resources */ = {isa = PBXBuildFile; fileRef = DDC939D91AC47FD8006D4646 /* fontello-ie7.css */; };
		DDC939E91AC47FD8006D4646 /* fontello.css in Resources */ = {isa = PBXBuildFile; fileRef = DDC939DA1AC47FD8006D4646 /* fontello.css */; };
		DDC939EA1AC47FD8006D4646 /* demo.html in Resources */ = {isa = PBXBuildFile; fileRef = DDC939DB1AC47FD8006D4646 /* demo.html */; };
		DDC939EB1AC47FD8006D4646 /* fontello.eot in Resources */ = {isa = PBXBuildFile; fileRef = DDC939DD1AC47FD8006D4646 /* fontello.eot */; };
		DDC939EC1AC47FD8006D4646 /* fontello.svg in Resources */ = {isa = PBXBuildFile; fileRef = DDC939DE1AC47FD8006D4646 /* fontello.svg */; };
		DDC939ED1AC47FD8006D4646 /* fontello.ttf in Resources */ = {isa = PBXBuildFile; fileRef = DDC939DF1AC47FD8006D4646 /* fontello.ttf */; };
		DDC939EE1AC47FD8006D4646 /* fontello.woff in Resources */ = {isa = PBXBuildFile; fileRef = DDC939E01AC47FD8006D4646 /* fontello.woff */; };
		DDC939EF1AC47FD8006D4646 /* LICENSE.txt in Resources */ = {isa = PBXBuildFile; fileRef = DDC939E11AC47FD8006D4646 /* LICENSE.txt */; };
		DDC939F01AC47FD8006D4646 /* README.txt in Resources */ = {isa = PBXBuildFile; fileRef = DDC939E21AC47FD8006D4646 /* README.txt */; };
		DDC939F31AC48083006D4646 /* down_icon_white.png in Resources */ = {isa = PBXBuildFile; fileRef = DDC939F11AC48083006D4646 /* down_icon_white.png */; };
		DDC939F41AC48083006D4646 /* up_icon_white.png in Resources */ = {isa = PBXBuildFile; fileRef = DDC939F21AC48083006D4646 /* up_icon_white.png */; };
		DDC939F61AC48178006D4646 /* circle_white.png in Resources */ = {isa = PBXBuildFile; fileRef = DDC939F51AC48178006D4646 /* circle_white.png */; };
		DDC93A021AC48268006D4646 /* OpenSans-Bold.ttf in Resources */ = {isa = PBXBuildFile; fileRef = DDC939F81AC48268006D4646 /* OpenSans-Bold.ttf */; };
		DDC93A031AC48268006D4646 /* OpenSans-BoldItalic.ttf in Resources */ = {isa = PBXBuildFile; fileRef = DDC939F91AC48268006D4646 /* OpenSans-BoldItalic.ttf */; };
		DDC93A041AC48268006D4646 /* OpenSans-ExtraBold.ttf in Resources */ = {isa = PBXBuildFile; fileRef = DDC939FA1AC48268006D4646 /* OpenSans-ExtraBold.ttf */; };
		DDC93A051AC48268006D4646 /* OpenSans-ExtraBoldItalic.ttf in Resources */ = {isa = PBXBuildFile; fileRef = DDC939FB1AC48268006D4646 /* OpenSans-ExtraBoldItalic.ttf */; };
		DDC93A061AC48268006D4646 /* OpenSans-Italic.ttf in Resources */ = {isa = PBXBuildFile; fileRef = DDC939FC1AC48268006D4646 /* OpenSans-Italic.ttf */; };
		DDC93A071AC48268006D4646 /* OpenSans-Light.ttf in Resources */ = {isa = PBXBuildFile; fileRef = DDC939FD1AC48268006D4646 /* OpenSans-Light.ttf */; };
		DDC93A081AC48268006D4646 /* OpenSans-LightItalic.ttf in Resources */ = {isa = PBXBuildFile; fileRef = DDC939FE1AC48268006D4646 /* OpenSans-LightItalic.ttf */; };
		DDC93A091AC48268006D4646 /* OpenSans-Regular.ttf in Resources */ = {isa = PBXBuildFile; fileRef = DDC939FF1AC48268006D4646 /* OpenSans-Regular.ttf */; };
		DDC93A0A1AC48268006D4646 /* OpenSans-Semibold.ttf in Resources */ = {isa = PBXBuildFile; fileRef = DDC93A001AC48268006D4646 /* OpenSans-Semibold.ttf */; };
		DDC93A0B1AC48268006D4646 /* OpenSans-SemiboldItalic.ttf in Resources */ = {isa = PBXBuildFile; fileRef = DDC93A011AC48268006D4646 /* OpenSans-SemiboldItalic.ttf */; };
		DDC93A0D1AC48589006D4646 /* RankingTableViewCell.swift in Sources */ = {isa = PBXBuildFile; fileRef = DDC93A0C1AC48589006D4646 /* RankingTableViewCell.swift */; };
		DDC93A0F1AC48E22006D4646 /* StoryViewController.swift in Sources */ = {isa = PBXBuildFile; fileRef = DDC93A0E1AC48E22006D4646 /* StoryViewController.swift */; };
		DDC93A111AC48F96006D4646 /* StoryImageTableViewCell.swift in Sources */ = {isa = PBXBuildFile; fileRef = DDC93A101AC48F96006D4646 /* StoryImageTableViewCell.swift */; };
		DDC93A131AC48FA2006D4646 /* StoryTextTableViewCell.swift in Sources */ = {isa = PBXBuildFile; fileRef = DDC93A121AC48FA2006D4646 /* StoryTextTableViewCell.swift */; };
		DDC93A151AC48FAD006D4646 /* StoryVideoTableViewCell.swift in Sources */ = {isa = PBXBuildFile; fileRef = DDC93A141AC48FAD006D4646 /* StoryVideoTableViewCell.swift */; };
		DDC93A171AC48FB9006D4646 /* StoryCreateTableViewCell.swift in Sources */ = {isa = PBXBuildFile; fileRef = DDC93A161AC48FB9006D4646 /* StoryCreateTableViewCell.swift */; };
		DDC93A191AC493FE006D4646 /* video_icon.png in Resources */ = {isa = PBXBuildFile; fileRef = DDC93A181AC493FE006D4646 /* video_icon.png */; };
		DDC93A1B1AC4940E006D4646 /* camera_icon.png in Resources */ = {isa = PBXBuildFile; fileRef = DDC93A1A1AC4940E006D4646 /* camera_icon.png */; };
		DDC93A1D1AC49422006D4646 /* text_icon.png in Resources */ = {isa = PBXBuildFile; fileRef = DDC93A1C1AC49422006D4646 /* text_icon.png */; };
		DDDCFF281AFD4A3400975940 /* SpinnerTableViewCell.swift in Sources */ = {isa = PBXBuildFile; fileRef = DDDCFF271AFD4A3400975940 /* SpinnerTableViewCell.swift */; };
		DDF06E921AD33038007D4954 /* down_icon_red.png in Resources */ = {isa = PBXBuildFile; fileRef = DDF06E901AD33038007D4954 /* down_icon_red.png */; };
		DDF06E931AD33038007D4954 /* up_icon_green.png in Resources */ = {isa = PBXBuildFile; fileRef = DDF06E911AD33038007D4954 /* up_icon_green.png */; };
		DDF06E951AD44ED2007D4954 /* switch_camera_icon.png in Resources */ = {isa = PBXBuildFile; fileRef = DDF06E941AD44ED2007D4954 /* switch_camera_icon.png */; };
		DDF06E971AD4529F007D4954 /* CreateProfileViewController.swift in Sources */ = {isa = PBXBuildFile; fileRef = DDF06E961AD4529F007D4954 /* CreateProfileViewController.swift */; };
		DDF06E991AD453FD007D4954 /* plus_icon_white.png in Resources */ = {isa = PBXBuildFile; fileRef = DDF06E981AD453FD007D4954 /* plus_icon_white.png */; };
		DDF06E9B1AD45857007D4954 /* user_icon_white.png in Resources */ = {isa = PBXBuildFile; fileRef = DDF06E9A1AD45857007D4954 /* user_icon_white.png */; };
		DDF7AED21ADDD96E0033F487 /* flash_icon_auto.png in Resources */ = {isa = PBXBuildFile; fileRef = DDF7AECF1ADDD96E0033F487 /* flash_icon_auto.png */; };
		DDF7AED31ADDD96E0033F487 /* flash_icon_on.png in Resources */ = {isa = PBXBuildFile; fileRef = DDF7AED01ADDD96E0033F487 /* flash_icon_on.png */; };
		DDF7AED41ADDD96E0033F487 /* flash_icon_off.png in Resources */ = {isa = PBXBuildFile; fileRef = DDF7AED11ADDD96E0033F487 /* flash_icon_off.png */; };
		DDF7AED61ADDEC8D0033F487 /* CommentsViewController.swift in Sources */ = {isa = PBXBuildFile; fileRef = DDF7AED51ADDEC8D0033F487 /* CommentsViewController.swift */; };
		DDF7AED81ADDECC70033F487 /* CommentsTableViewCell.swift in Sources */ = {isa = PBXBuildFile; fileRef = DDF7AED71ADDECC70033F487 /* CommentsTableViewCell.swift */; };
/* End PBXBuildFile section */

/* Begin PBXContainerItemProxy section */
		DDC9369E1AC47CAE006D4646 /* PBXContainerItemProxy */ = {
			isa = PBXContainerItemProxy;
			containerPortal = DDC9367D1AC47CAE006D4646 /* Project object */;
			proxyType = 1;
			remoteGlobalIDString = DDC936841AC47CAE006D4646;
			remoteInfo = Storytime;
		};
/* End PBXContainerItemProxy section */

/* Begin PBXFileReference section */
		50D9B7673DE49B0BA43B5277 /* Pods.debug.xcconfig */ = {isa = PBXFileReference; includeInIndex = 1; lastKnownFileType = text.xcconfig; name = Pods.debug.xcconfig; path = "Pods/Target Support Files/Pods/Pods.debug.xcconfig"; sourceTree = "<group>"; };
		A9FD829E06F375ECF0A329F6 /* Pods.release.xcconfig */ = {isa = PBXFileReference; includeInIndex = 1; lastKnownFileType = text.xcconfig; name = Pods.release.xcconfig; path = "Pods/Target Support Files/Pods/Pods.release.xcconfig"; sourceTree = "<group>"; };
		DD10924C1B03DF4B00CEA7DC /* PrivacyPolicyViewController.swift */ = {isa = PBXFileReference; fileEncoding = 4; lastKnownFileType = sourcecode.swift; path = PrivacyPolicyViewController.swift; sourceTree = "<group>"; };
		DD10924E1B03DF5E00CEA7DC /* EULAViewController.swift */ = {isa = PBXFileReference; fileEncoding = 4; lastKnownFileType = sourcecode.swift; path = EULAViewController.swift; sourceTree = "<group>"; };
		DD1092501B03E42200CEA7DC /* SignUpView.xib */ = {isa = PBXFileReference; fileEncoding = 4; lastKnownFileType = file.xib; path = SignUpView.xib; sourceTree = "<group>"; };
		DD1092521B03E5CE00CEA7DC /* SignupView.swift */ = {isa = PBXFileReference; fileEncoding = 4; lastKnownFileType = sourcecode.swift; path = SignupView.swift; sourceTree = "<group>"; };
		DD138C811AE58D8500C74E8A /* AddAuthorViewController.swift */ = {isa = PBXFileReference; fileEncoding = 4; lastKnownFileType = sourcecode.swift; path = AddAuthorViewController.swift; sourceTree = "<group>"; };
		DD138C831AE58F1600C74E8A /* UserTableViewCell.swift */ = {isa = PBXFileReference; fileEncoding = 4; lastKnownFileType = sourcecode.swift; path = UserTableViewCell.swift; sourceTree = "<group>"; };
		DD2E0C411ADF79D7003BB496 /* Crashlytics.framework */ = {isa = PBXFileReference; lastKnownFileType = wrapper.framework; path = Crashlytics.framework; sourceTree = "<group>"; };
		DD2E0C421ADF79D7003BB496 /* Fabric.framework */ = {isa = PBXFileReference; lastKnownFileType = wrapper.framework; path = Fabric.framework; sourceTree = "<group>"; };
		DD3D45981ACF0CAA001B38BD /* libstdc++.6.dylib */ = {isa = PBXFileReference; lastKnownFileType = "compiled.mach-o.dylib"; name = "libstdc++.6.dylib"; path = "usr/lib/libstdc++.6.dylib"; sourceTree = SDKROOT; };
		DD3D45AC1ACF0F31001B38BD /* AVFoundation.framework */ = {isa = PBXFileReference; lastKnownFileType = wrapper.framework; name = AVFoundation.framework; path = System/Library/Frameworks/AVFoundation.framework; sourceTree = SDKROOT; };
		DD3D45AE1ACF0F3E001B38BD /* CoreMedia.framework */ = {isa = PBXFileReference; lastKnownFileType = wrapper.framework; name = CoreMedia.framework; path = System/Library/Frameworks/CoreMedia.framework; sourceTree = SDKROOT; };
		DD3D45B01ACF0F44001B38BD /* CoreVideo.framework */ = {isa = PBXFileReference; lastKnownFileType = wrapper.framework; name = CoreVideo.framework; path = System/Library/Frameworks/CoreVideo.framework; sourceTree = SDKROOT; };
		DD3D45B21ACF0F4D001B38BD /* CoreImage.framework */ = {isa = PBXFileReference; lastKnownFileType = wrapper.framework; name = CoreImage.framework; path = System/Library/Frameworks/CoreImage.framework; sourceTree = SDKROOT; };
		DD3D45B41ACF0F59001B38BD /* ImageIO.framework */ = {isa = PBXFileReference; lastKnownFileType = wrapper.framework; name = ImageIO.framework; path = System/Library/Frameworks/ImageIO.framework; sourceTree = SDKROOT; };
		DD3D45B61ACF0F63001B38BD /* OpenGLES.framework */ = {isa = PBXFileReference; lastKnownFileType = wrapper.framework; name = OpenGLES.framework; path = System/Library/Frameworks/OpenGLES.framework; sourceTree = SDKROOT; };
		DD3D45B81ACF0F68001B38BD /* UIKit.framework */ = {isa = PBXFileReference; lastKnownFileType = wrapper.framework; name = UIKit.framework; path = System/Library/Frameworks/UIKit.framework; sourceTree = SDKROOT; };
		DD3D460A1ACF1255001B38BD /* Podfile */ = {isa = PBXFileReference; fileEncoding = 4; lastKnownFileType = text; path = Podfile; sourceTree = "<group>"; xcLanguageSpecificationIdentifier = xcode.lang.ruby; };
		DD3F06A71AFBEFE300647963 /* PostersViewController.swift */ = {isa = PBXFileReference; fileEncoding = 4; lastKnownFileType = sourcecode.swift; path = PostersViewController.swift; sourceTree = "<group>"; };
		DD3F06A91AFC158900647963 /* ProfileImageViewController.swift */ = {isa = PBXFileReference; fileEncoding = 4; lastKnownFileType = sourcecode.swift; path = ProfileImageViewController.swift; sourceTree = "<group>"; };
		DD42B7201AF4192E0001565A /* SettingsViewController.swift */ = {isa = PBXFileReference; fileEncoding = 4; lastKnownFileType = sourcecode.swift; path = SettingsViewController.swift; sourceTree = "<group>"; };
		DD4A77231AF3DF5300573585 /* HamburgerViewController.swift */ = {isa = PBXFileReference; fileEncoding = 4; lastKnownFileType = sourcecode.swift; path = HamburgerViewController.swift; sourceTree = "<group>"; };
		DD60BCFC1AF7FA5F000755E6 /* SwitchView.xib */ = {isa = PBXFileReference; fileEncoding = 4; lastKnownFileType = file.xib; path = SwitchView.xib; sourceTree = "<group>"; };
		DD60BCFE1AF7FBA6000755E6 /* RankingSwitch.swift */ = {isa = PBXFileReference; fileEncoding = 4; lastKnownFileType = sourcecode.swift; path = RankingSwitch.swift; sourceTree = "<group>"; };
		DD70FBD01ACF16DE0002C5CC /* ParseUI.framework */ = {isa = PBXFileReference; lastKnownFileType = wrapper.framework; path = ParseUI.framework; sourceTree = "<group>"; };
		DD70FBD21ACF16FB0002C5CC /* Parse.framework */ = {isa = PBXFileReference; lastKnownFileType = wrapper.framework; name = Parse.framework; path = Pods/Parse/Parse.framework; sourceTree = "<group>"; };
		DD842DB21AF98319001B5FD9 /* AlternativeStoryweaveLogoTransparent.png */ = {isa = PBXFileReference; lastKnownFileType = image.png; path = AlternativeStoryweaveLogoTransparent.png; sourceTree = "<group>"; };
		DD8C82841AD5CE1E00B9A47B /* ProfileViewController.swift */ = {isa = PBXFileReference; fileEncoding = 4; lastKnownFileType = sourcecode.swift; path = ProfileViewController.swift; sourceTree = "<group>"; };
		DD8C828A1AD5D52600B9A47B /* menu_icon_white.png */ = {isa = PBXFileReference; lastKnownFileType = image.png; path = menu_icon_white.png; sourceTree = "<group>"; };
		DD9AD1C61AE6D72F00AE7EEB /* check_icon_green.png */ = {isa = PBXFileReference; lastKnownFileType = image.png; path = check_icon_green.png; sourceTree = "<group>"; };
		DD9B26DD1AD8574600E6D3DE /* CustomLoginViewController.swift */ = {isa = PBXFileReference; fileEncoding = 4; lastKnownFileType = sourcecode.swift; path = CustomLoginViewController.swift; sourceTree = "<group>"; };
		DD9B26DF1AD8578A00E6D3DE /* CustomSignUpViewController.swift */ = {isa = PBXFileReference; fileEncoding = 4; lastKnownFileType = sourcecode.swift; path = CustomSignUpViewController.swift; sourceTree = "<group>"; };
		DD9B26E11AD85F9800E6D3DE /* storyweave_logo.png */ = {isa = PBXFileReference; lastKnownFileType = image.png; path = storyweave_logo.png; sourceTree = "<group>"; };
		DDBA71F51AC5FCC100D0EC97 /* Accounts.framework */ = {isa = PBXFileReference; lastKnownFileType = wrapper.framework; name = Accounts.framework; path = System/Library/Frameworks/Accounts.framework; sourceTree = SDKROOT; };
		DDBA71F71AC5FCC700D0EC97 /* AudioToolbox.framework */ = {isa = PBXFileReference; lastKnownFileType = wrapper.framework; name = AudioToolbox.framework; path = System/Library/Frameworks/AudioToolbox.framework; sourceTree = SDKROOT; };
		DDBA71F91AC5FCCC00D0EC97 /* CFNetwork.framework */ = {isa = PBXFileReference; lastKnownFileType = wrapper.framework; name = CFNetwork.framework; path = System/Library/Frameworks/CFNetwork.framework; sourceTree = SDKROOT; };
		DDBA71FB1AC5FCD400D0EC97 /* CoreGraphics.framework */ = {isa = PBXFileReference; lastKnownFileType = wrapper.framework; name = CoreGraphics.framework; path = System/Library/Frameworks/CoreGraphics.framework; sourceTree = SDKROOT; };
		DDBA71FC1AC5FCD400D0EC97 /* CoreLocation.framework */ = {isa = PBXFileReference; lastKnownFileType = wrapper.framework; name = CoreLocation.framework; path = System/Library/Frameworks/CoreLocation.framework; sourceTree = SDKROOT; };
		DDBA71FF1AC5FCDA00D0EC97 /* MobileCoreServices.framework */ = {isa = PBXFileReference; lastKnownFileType = wrapper.framework; name = MobileCoreServices.framework; path = System/Library/Frameworks/MobileCoreServices.framework; sourceTree = SDKROOT; };
		DDBA72011AC5FCDF00D0EC97 /* QuartzCore.framework */ = {isa = PBXFileReference; lastKnownFileType = wrapper.framework; name = QuartzCore.framework; path = System/Library/Frameworks/QuartzCore.framework; sourceTree = SDKROOT; };
		DDBA72031AC5FCE500D0EC97 /* Security.framework */ = {isa = PBXFileReference; lastKnownFileType = wrapper.framework; name = Security.framework; path = System/Library/Frameworks/Security.framework; sourceTree = SDKROOT; };
		DDBA72051AC5FCEA00D0EC97 /* Social.framework */ = {isa = PBXFileReference; lastKnownFileType = wrapper.framework; name = Social.framework; path = System/Library/Frameworks/Social.framework; sourceTree = SDKROOT; };
		DDBA72091AC5FCF800D0EC97 /* SystemConfiguration.framework */ = {isa = PBXFileReference; lastKnownFileType = wrapper.framework; name = SystemConfiguration.framework; path = System/Library/Frameworks/SystemConfiguration.framework; sourceTree = SDKROOT; };
		DDBA720B1AC5FCFE00D0EC97 /* libz.dylib */ = {isa = PBXFileReference; lastKnownFileType = "compiled.mach-o.dylib"; name = libz.dylib; path = usr/lib/libz.dylib; sourceTree = SDKROOT; };
		DDBA720D1AC5FD0700D0EC97 /* libsqlite3.dylib */ = {isa = PBXFileReference; lastKnownFileType = "compiled.mach-o.dylib"; name = libsqlite3.dylib; path = usr/lib/libsqlite3.dylib; sourceTree = SDKROOT; };
		DDBA720F1AC5FD3600D0EC97 /* Storytime-Bridging-Header.h */ = {isa = PBXFileReference; lastKnownFileType = sourcecode.c.h; path = "Storytime-Bridging-Header.h"; sourceTree = "<group>"; };
		DDC55B041AD4965A00659E70 /* user_icon_scaled_white.png */ = {isa = PBXFileReference; lastKnownFileType = image.png; name = user_icon_scaled_white.png; path = ../Storytime/user_icon_scaled_white.png; sourceTree = "<group>"; };
		DDC55B061AD49C0700659E70 /* play_button_icon_white.png */ = {isa = PBXFileReference; lastKnownFileType = image.png; path = play_button_icon_white.png; sourceTree = "<group>"; };
		DDC936851AC47CAE006D4646 /* Storytime.app */ = {isa = PBXFileReference; explicitFileType = wrapper.application; includeInIndex = 0; path = Storytime.app; sourceTree = BUILT_PRODUCTS_DIR; };
		DDC936891AC47CAE006D4646 /* Info.plist */ = {isa = PBXFileReference; lastKnownFileType = text.plist.xml; path = Info.plist; sourceTree = "<group>"; };
		DDC9368A1AC47CAE006D4646 /* AppDelegate.swift */ = {isa = PBXFileReference; lastKnownFileType = sourcecode.swift; path = AppDelegate.swift; sourceTree = "<group>"; };
		DDC9368D1AC47CAE006D4646 /* Storytime.xcdatamodel */ = {isa = PBXFileReference; lastKnownFileType = wrapper.xcdatamodel; path = Storytime.xcdatamodel; sourceTree = "<group>"; };
		DDC9368F1AC47CAE006D4646 /* ViewController.swift */ = {isa = PBXFileReference; lastKnownFileType = sourcecode.swift; path = ViewController.swift; sourceTree = "<group>"; };
		DDC936921AC47CAE006D4646 /* Base */ = {isa = PBXFileReference; lastKnownFileType = file.storyboard; name = Base; path = Base.lproj/Main.storyboard; sourceTree = "<group>"; };
		DDC936941AC47CAE006D4646 /* Images.xcassets */ = {isa = PBXFileReference; lastKnownFileType = folder.assetcatalog; path = Images.xcassets; sourceTree = "<group>"; };
		DDC936971AC47CAE006D4646 /* Base */ = {isa = PBXFileReference; lastKnownFileType = file.xib; name = Base; path = Base.lproj/LaunchScreen.xib; sourceTree = "<group>"; };
		DDC9369D1AC47CAE006D4646 /* StorytimeTests.xctest */ = {isa = PBXFileReference; explicitFileType = wrapper.cfbundle; includeInIndex = 0; path = StorytimeTests.xctest; sourceTree = BUILT_PRODUCTS_DIR; };
		DDC936A21AC47CAE006D4646 /* Info.plist */ = {isa = PBXFileReference; lastKnownFileType = text.plist.xml; path = Info.plist; sourceTree = "<group>"; };
		DDC936A31AC47CAE006D4646 /* StorytimeTests.swift */ = {isa = PBXFileReference; lastKnownFileType = sourcecode.swift; path = StorytimeTests.swift; sourceTree = "<group>"; };
		DDC936AD1AC47D32006D4646 /* RankingViewController.swift */ = {isa = PBXFileReference; fileEncoding = 4; lastKnownFileType = sourcecode.swift; path = RankingViewController.swift; sourceTree = "<group>"; };
		DDC939D31AC47FD8006D4646 /* config.json */ = {isa = PBXFileReference; fileEncoding = 4; lastKnownFileType = text.json; path = config.json; sourceTree = "<group>"; };
		DDC939D51AC47FD8006D4646 /* animation.css */ = {isa = PBXFileReference; fileEncoding = 4; lastKnownFileType = text.css; path = animation.css; sourceTree = "<group>"; };
		DDC939D61AC47FD8006D4646 /* fontello-codes.css */ = {isa = PBXFileReference; fileEncoding = 4; lastKnownFileType = text.css; path = "fontello-codes.css"; sourceTree = "<group>"; };
		DDC939D71AC47FD8006D4646 /* fontello-embedded.css */ = {isa = PBXFileReference; fileEncoding = 4; lastKnownFileType = text.css; path = "fontello-embedded.css"; sourceTree = "<group>"; };
		DDC939D81AC47FD8006D4646 /* fontello-ie7-codes.css */ = {isa = PBXFileReference; fileEncoding = 4; lastKnownFileType = text.css; path = "fontello-ie7-codes.css"; sourceTree = "<group>"; };
		DDC939D91AC47FD8006D4646 /* fontello-ie7.css */ = {isa = PBXFileReference; fileEncoding = 4; lastKnownFileType = text.css; path = "fontello-ie7.css"; sourceTree = "<group>"; };
		DDC939DA1AC47FD8006D4646 /* fontello.css */ = {isa = PBXFileReference; fileEncoding = 4; lastKnownFileType = text.css; path = fontello.css; sourceTree = "<group>"; };
		DDC939DB1AC47FD8006D4646 /* demo.html */ = {isa = PBXFileReference; fileEncoding = 4; lastKnownFileType = text.html; path = demo.html; sourceTree = "<group>"; };
		DDC939DD1AC47FD8006D4646 /* fontello.eot */ = {isa = PBXFileReference; lastKnownFileType = file; path = fontello.eot; sourceTree = "<group>"; };
		DDC939DE1AC47FD8006D4646 /* fontello.svg */ = {isa = PBXFileReference; fileEncoding = 4; lastKnownFileType = text.xml; path = fontello.svg; sourceTree = "<group>"; };
		DDC939DF1AC47FD8006D4646 /* fontello.ttf */ = {isa = PBXFileReference; lastKnownFileType = file; path = fontello.ttf; sourceTree = "<group>"; };
		DDC939E01AC47FD8006D4646 /* fontello.woff */ = {isa = PBXFileReference; lastKnownFileType = file; path = fontello.woff; sourceTree = "<group>"; };
		DDC939E11AC47FD8006D4646 /* LICENSE.txt */ = {isa = PBXFileReference; fileEncoding = 4; lastKnownFileType = text; path = LICENSE.txt; sourceTree = "<group>"; };
		DDC939E21AC47FD8006D4646 /* README.txt */ = {isa = PBXFileReference; fileEncoding = 4; lastKnownFileType = text; path = README.txt; sourceTree = "<group>"; };
		DDC939F11AC48083006D4646 /* down_icon_white.png */ = {isa = PBXFileReference; lastKnownFileType = image.png; path = down_icon_white.png; sourceTree = "<group>"; };
		DDC939F21AC48083006D4646 /* up_icon_white.png */ = {isa = PBXFileReference; lastKnownFileType = image.png; path = up_icon_white.png; sourceTree = "<group>"; };
		DDC939F51AC48178006D4646 /* circle_white.png */ = {isa = PBXFileReference; lastKnownFileType = image.png; path = circle_white.png; sourceTree = "<group>"; };
		DDC939F81AC48268006D4646 /* OpenSans-Bold.ttf */ = {isa = PBXFileReference; lastKnownFileType = file; path = "OpenSans-Bold.ttf"; sourceTree = "<group>"; };
		DDC939F91AC48268006D4646 /* OpenSans-BoldItalic.ttf */ = {isa = PBXFileReference; lastKnownFileType = file; path = "OpenSans-BoldItalic.ttf"; sourceTree = "<group>"; };
		DDC939FA1AC48268006D4646 /* OpenSans-ExtraBold.ttf */ = {isa = PBXFileReference; lastKnownFileType = file; path = "OpenSans-ExtraBold.ttf"; sourceTree = "<group>"; };
		DDC939FB1AC48268006D4646 /* OpenSans-ExtraBoldItalic.ttf */ = {isa = PBXFileReference; lastKnownFileType = file; path = "OpenSans-ExtraBoldItalic.ttf"; sourceTree = "<group>"; };
		DDC939FC1AC48268006D4646 /* OpenSans-Italic.ttf */ = {isa = PBXFileReference; lastKnownFileType = file; path = "OpenSans-Italic.ttf"; sourceTree = "<group>"; };
		DDC939FD1AC48268006D4646 /* OpenSans-Light.ttf */ = {isa = PBXFileReference; lastKnownFileType = file; path = "OpenSans-Light.ttf"; sourceTree = "<group>"; };
		DDC939FE1AC48268006D4646 /* OpenSans-LightItalic.ttf */ = {isa = PBXFileReference; lastKnownFileType = file; path = "OpenSans-LightItalic.ttf"; sourceTree = "<group>"; };
		DDC939FF1AC48268006D4646 /* OpenSans-Regular.ttf */ = {isa = PBXFileReference; lastKnownFileType = file; path = "OpenSans-Regular.ttf"; sourceTree = "<group>"; };
		DDC93A001AC48268006D4646 /* OpenSans-Semibold.ttf */ = {isa = PBXFileReference; lastKnownFileType = file; path = "OpenSans-Semibold.ttf"; sourceTree = "<group>"; };
		DDC93A011AC48268006D4646 /* OpenSans-SemiboldItalic.ttf */ = {isa = PBXFileReference; lastKnownFileType = file; path = "OpenSans-SemiboldItalic.ttf"; sourceTree = "<group>"; };
		DDC93A0C1AC48589006D4646 /* RankingTableViewCell.swift */ = {isa = PBXFileReference; fileEncoding = 4; lastKnownFileType = sourcecode.swift; path = RankingTableViewCell.swift; sourceTree = "<group>"; };
		DDC93A0E1AC48E22006D4646 /* StoryViewController.swift */ = {isa = PBXFileReference; fileEncoding = 4; lastKnownFileType = sourcecode.swift; path = StoryViewController.swift; sourceTree = "<group>"; };
		DDC93A101AC48F96006D4646 /* StoryImageTableViewCell.swift */ = {isa = PBXFileReference; fileEncoding = 4; lastKnownFileType = sourcecode.swift; path = StoryImageTableViewCell.swift; sourceTree = "<group>"; };
		DDC93A121AC48FA2006D4646 /* StoryTextTableViewCell.swift */ = {isa = PBXFileReference; fileEncoding = 4; lastKnownFileType = sourcecode.swift; path = StoryTextTableViewCell.swift; sourceTree = "<group>"; };
		DDC93A141AC48FAD006D4646 /* StoryVideoTableViewCell.swift */ = {isa = PBXFileReference; fileEncoding = 4; lastKnownFileType = sourcecode.swift; path = StoryVideoTableViewCell.swift; sourceTree = "<group>"; };
		DDC93A161AC48FB9006D4646 /* StoryCreateTableViewCell.swift */ = {isa = PBXFileReference; fileEncoding = 4; lastKnownFileType = sourcecode.swift; path = StoryCreateTableViewCell.swift; sourceTree = "<group>"; };
		DDC93A181AC493FE006D4646 /* video_icon.png */ = {isa = PBXFileReference; lastKnownFileType = image.png; path = video_icon.png; sourceTree = "<group>"; };
		DDC93A1A1AC4940E006D4646 /* camera_icon.png */ = {isa = PBXFileReference; lastKnownFileType = image.png; path = camera_icon.png; sourceTree = "<group>"; };
		DDC93A1C1AC49422006D4646 /* text_icon.png */ = {isa = PBXFileReference; lastKnownFileType = image.png; path = text_icon.png; sourceTree = "<group>"; };
		DDDCFF271AFD4A3400975940 /* SpinnerTableViewCell.swift */ = {isa = PBXFileReference; fileEncoding = 4; lastKnownFileType = sourcecode.swift; path = SpinnerTableViewCell.swift; sourceTree = "<group>"; };
		DDE0A5421AD5C6E1002B5D88 /* ProfileViewController.swift */ = {isa = PBXFileReference; fileEncoding = 4; lastKnownFileType = sourcecode.swift; path = ProfileViewController.swift; sourceTree = "<group>"; };
		DDF06E901AD33038007D4954 /* down_icon_red.png */ = {isa = PBXFileReference; lastKnownFileType = image.png; path = down_icon_red.png; sourceTree = "<group>"; };
		DDF06E911AD33038007D4954 /* up_icon_green.png */ = {isa = PBXFileReference; lastKnownFileType = image.png; path = up_icon_green.png; sourceTree = "<group>"; };
		DDF06E941AD44ED2007D4954 /* switch_camera_icon.png */ = {isa = PBXFileReference; lastKnownFileType = image.png; path = switch_camera_icon.png; sourceTree = "<group>"; };
		DDF06E961AD4529F007D4954 /* CreateProfileViewController.swift */ = {isa = PBXFileReference; fileEncoding = 4; lastKnownFileType = sourcecode.swift; path = CreateProfileViewController.swift; sourceTree = "<group>"; };
		DDF06E981AD453FD007D4954 /* plus_icon_white.png */ = {isa = PBXFileReference; lastKnownFileType = image.png; path = plus_icon_white.png; sourceTree = "<group>"; };
		DDF06E9A1AD45857007D4954 /* user_icon_white.png */ = {isa = PBXFileReference; lastKnownFileType = image.png; path = user_icon_white.png; sourceTree = "<group>"; };
		DDF7AECF1ADDD96E0033F487 /* flash_icon_auto.png */ = {isa = PBXFileReference; lastKnownFileType = image.png; path = flash_icon_auto.png; sourceTree = "<group>"; };
		DDF7AED01ADDD96E0033F487 /* flash_icon_on.png */ = {isa = PBXFileReference; lastKnownFileType = image.png; path = flash_icon_on.png; sourceTree = "<group>"; };
		DDF7AED11ADDD96E0033F487 /* flash_icon_off.png */ = {isa = PBXFileReference; lastKnownFileType = image.png; path = flash_icon_off.png; sourceTree = "<group>"; };
		DDF7AED51ADDEC8D0033F487 /* CommentsViewController.swift */ = {isa = PBXFileReference; fileEncoding = 4; lastKnownFileType = sourcecode.swift; name = CommentsViewController.swift; path = ../CommentsViewController.swift; sourceTree = "<group>"; };
		DDF7AED71ADDECC70033F487 /* CommentsTableViewCell.swift */ = {isa = PBXFileReference; fileEncoding = 4; lastKnownFileType = sourcecode.swift; path = CommentsTableViewCell.swift; sourceTree = "<group>"; };
		E8ECC8C0FC39FC2D49766AFB /* libPods.a */ = {isa = PBXFileReference; explicitFileType = archive.ar; includeInIndex = 0; path = libPods.a; sourceTree = BUILT_PRODUCTS_DIR; };
/* End PBXFileReference section */

/* Begin PBXFrameworksBuildPhase section */
		DDC936821AC47CAE006D4646 /* Frameworks */ = {
			isa = PBXFrameworksBuildPhase;
			buildActionMask = 2147483647;
			files = (
				DD70FBD31ACF16FB0002C5CC /* Parse.framework in Frameworks */,
				DD70FBD11ACF16DE0002C5CC /* ParseUI.framework in Frameworks */,
				DDBA71FA1AC5FCCC00D0EC97 /* CFNetwork.framework in Frameworks */,
				DD49B4201ACF13970027F2C9 /* libstdc++.6.dylib in Frameworks */,
				DD3D45B91ACF0F68001B38BD /* UIKit.framework in Frameworks */,
				DD3D45B71ACF0F63001B38BD /* OpenGLES.framework in Frameworks */,
				DDBA72021AC5FCDF00D0EC97 /* QuartzCore.framework in Frameworks */,
				DD3D45B51ACF0F59001B38BD /* ImageIO.framework in Frameworks */,
				DDBA72001AC5FCDA00D0EC97 /* MobileCoreServices.framework in Frameworks */,
				DD3D45B31ACF0F4D001B38BD /* CoreImage.framework in Frameworks */,
				DD3D45B11ACF0F44001B38BD /* CoreVideo.framework in Frameworks */,
				DD3D45AF1ACF0F3E001B38BD /* CoreMedia.framework in Frameworks */,
				DDBA71FD1AC5FCD400D0EC97 /* CoreGraphics.framework in Frameworks */,
				DD3D45AD1ACF0F31001B38BD /* AVFoundation.framework in Frameworks */,
				DDBA72061AC5FCEA00D0EC97 /* Social.framework in Frameworks */,
				DDBA71F61AC5FCC100D0EC97 /* Accounts.framework in Frameworks */,
				DDBA720E1AC5FD0700D0EC97 /* libsqlite3.dylib in Frameworks */,
				DDBA720C1AC5FCFE00D0EC97 /* libz.dylib in Frameworks */,
				DDBA720A1AC5FCF800D0EC97 /* SystemConfiguration.framework in Frameworks */,
				DDBA72041AC5FCE500D0EC97 /* Security.framework in Frameworks */,
				DD2E0C441ADF79D7003BB496 /* Fabric.framework in Frameworks */,
				DD2E0C431ADF79D7003BB496 /* Crashlytics.framework in Frameworks */,
				DDBA71FE1AC5FCD400D0EC97 /* CoreLocation.framework in Frameworks */,
				DDBA71F81AC5FCC700D0EC97 /* AudioToolbox.framework in Frameworks */,
				CE078F49D064E69FA88C342F /* libPods.a in Frameworks */,
			);
			runOnlyForDeploymentPostprocessing = 0;
		};
		DDC9369A1AC47CAE006D4646 /* Frameworks */ = {
			isa = PBXFrameworksBuildPhase;
			buildActionMask = 2147483647;
			files = (
			);
			runOnlyForDeploymentPostprocessing = 0;
		};
/* End PBXFrameworksBuildPhase section */

/* Begin PBXGroup section */
		12EE727FB5D7856C326D8A4E /* Pods */ = {
			isa = PBXGroup;
			children = (
				50D9B7673DE49B0BA43B5277 /* Pods.debug.xcconfig */,
				A9FD829E06F375ECF0A329F6 /* Pods.release.xcconfig */,
			);
			name = Pods;
			sourceTree = "<group>";
		};
		DD138C7F1AE572CF00C74E8A /* View Controllers */ = {
			isa = PBXGroup;
			children = (
				DD3F06A91AFC158900647963 /* ProfileImageViewController.swift */,
				DD8C82841AD5CE1E00B9A47B /* ProfileViewController.swift */,
				DD3F06A71AFBEFE300647963 /* PostersViewController.swift */,
				DD138C811AE58D8500C74E8A /* AddAuthorViewController.swift */,
				DD42B7201AF4192E0001565A /* SettingsViewController.swift */,
				DD10924C1B03DF4B00CEA7DC /* PrivacyPolicyViewController.swift */,
				DDF06E961AD4529F007D4954 /* CreateProfileViewController.swift */,
				DD9B26DD1AD8574600E6D3DE /* CustomLoginViewController.swift */,
				DD9B26DF1AD8578A00E6D3DE /* CustomSignUpViewController.swift */,
				DDF7AED51ADDEC8D0033F487 /* CommentsViewController.swift */,
				DDC93A0E1AC48E22006D4646 /* StoryViewController.swift */,
				DDC936AD1AC47D32006D4646 /* RankingViewController.swift */,
				DD4A77231AF3DF5300573585 /* HamburgerViewController.swift */,
			);
			name = "View Controllers";
			sourceTree = "<group>";
		};
		DD138C801AE572E600C74E8A /* TableViewCells */ = {
			isa = PBXGroup;
			children = (
				DD138C831AE58F1600C74E8A /* UserTableViewCell.swift */,
				DDF7AED71ADDECC70033F487 /* CommentsTableViewCell.swift */,
				DDC93A101AC48F96006D4646 /* StoryImageTableViewCell.swift */,
				DDC93A121AC48FA2006D4646 /* StoryTextTableViewCell.swift */,
				DDC93A141AC48FAD006D4646 /* StoryVideoTableViewCell.swift */,
				DDDCFF271AFD4A3400975940 /* SpinnerTableViewCell.swift */,
				DDC93A161AC48FB9006D4646 /* StoryCreateTableViewCell.swift */,
				DDC93A0C1AC48589006D4646 /* RankingTableViewCell.swift */,
			);
			name = TableViewCells;
			sourceTree = "<group>";
		};
		DDBA72131AC5FD4800D0EC97 /* Frameworks */ = {
			isa = PBXGroup;
			children = (
				DD70FBD21ACF16FB0002C5CC /* Parse.framework */,
				DD70FBD01ACF16DE0002C5CC /* ParseUI.framework */,
				DD3D45B81ACF0F68001B38BD /* UIKit.framework */,
				DD3D45B61ACF0F63001B38BD /* OpenGLES.framework */,
				DD3D45B41ACF0F59001B38BD /* ImageIO.framework */,
				DD3D45B21ACF0F4D001B38BD /* CoreImage.framework */,
				DD3D45B01ACF0F44001B38BD /* CoreVideo.framework */,
				DD3D45AE1ACF0F3E001B38BD /* CoreMedia.framework */,
				DD3D45AC1ACF0F31001B38BD /* AVFoundation.framework */,
				DD3D45981ACF0CAA001B38BD /* libstdc++.6.dylib */,
				DDBA720D1AC5FD0700D0EC97 /* libsqlite3.dylib */,
				DDBA720B1AC5FCFE00D0EC97 /* libz.dylib */,
				DDBA72091AC5FCF800D0EC97 /* SystemConfiguration.framework */,
				DDBA72051AC5FCEA00D0EC97 /* Social.framework */,
				DDBA72031AC5FCE500D0EC97 /* Security.framework */,
				DDBA72011AC5FCDF00D0EC97 /* QuartzCore.framework */,
				DDBA71FF1AC5FCDA00D0EC97 /* MobileCoreServices.framework */,
				DDBA71FB1AC5FCD400D0EC97 /* CoreGraphics.framework */,
				DDBA71FC1AC5FCD400D0EC97 /* CoreLocation.framework */,
				DDBA71F91AC5FCCC00D0EC97 /* CFNetwork.framework */,
				DDBA71F71AC5FCC700D0EC97 /* AudioToolbox.framework */,
				DDBA71F51AC5FCC100D0EC97 /* Accounts.framework */,
				E8ECC8C0FC39FC2D49766AFB /* libPods.a */,
				DDE0A5421AD5C6E1002B5D88 /* ProfileViewController.swift */,
			);
			name = Frameworks;
			sourceTree = "<group>";
		};
		DDBA72141AC5FD5B00D0EC97 /* Icons */ = {
			isa = PBXGroup;
			children = (
				DD842DB21AF98319001B5FD9 /* AlternativeStoryweaveLogoTransparent.png */,
				DD9AD1C61AE6D72F00AE7EEB /* check_icon_green.png */,
				DDF7AECF1ADDD96E0033F487 /* flash_icon_auto.png */,
				DDF7AED01ADDD96E0033F487 /* flash_icon_on.png */,
				DDF7AED11ADDD96E0033F487 /* flash_icon_off.png */,
				DD9B26E11AD85F9800E6D3DE /* storyweave_logo.png */,
				DD8C828A1AD5D52600B9A47B /* menu_icon_white.png */,
				DDC55B061AD49C0700659E70 /* play_button_icon_white.png */,
				DDC55B041AD4965A00659E70 /* user_icon_scaled_white.png */,
				DDF06E9A1AD45857007D4954 /* user_icon_white.png */,
				DDF06E981AD453FD007D4954 /* plus_icon_white.png */,
				DDF06E941AD44ED2007D4954 /* switch_camera_icon.png */,
				DDF06E901AD33038007D4954 /* down_icon_red.png */,
				DDF06E911AD33038007D4954 /* up_icon_green.png */,
				DDC939D21AC47FD8006D4646 /* fontello-dcf07f50 */,
				DDC939F51AC48178006D4646 /* circle_white.png */,
				DDC939F11AC48083006D4646 /* down_icon_white.png */,
				DDC939F21AC48083006D4646 /* up_icon_white.png */,
				DDC93A1C1AC49422006D4646 /* text_icon.png */,
				DDC93A1A1AC4940E006D4646 /* camera_icon.png */,
				DDC93A181AC493FE006D4646 /* video_icon.png */,
			);
			name = Icons;
			sourceTree = "<group>";
		};
		DDC9367C1AC47CAE006D4646 = {
			isa = PBXGroup;
			children = (
				DD2E0C411ADF79D7003BB496 /* Crashlytics.framework */,
				DD2E0C421ADF79D7003BB496 /* Fabric.framework */,
				DD3D460A1ACF1255001B38BD /* Podfile */,
				DDBA72141AC5FD5B00D0EC97 /* Icons */,
				DDBA72131AC5FD4800D0EC97 /* Frameworks */,
				DDC939F71AC48268006D4646 /* Open Sans */,
				DDC936871AC47CAE006D4646 /* Storytime */,
				DDC936A01AC47CAE006D4646 /* StorytimeTests */,
				DDC936861AC47CAE006D4646 /* Products */,
				DDBA720F1AC5FD3600D0EC97 /* Storytime-Bridging-Header.h */,
				12EE727FB5D7856C326D8A4E /* Pods */,
			);
			sourceTree = "<group>";
		};
		DDC936861AC47CAE006D4646 /* Products */ = {
			isa = PBXGroup;
			children = (
				DDC936851AC47CAE006D4646 /* Storytime.app */,
				DDC9369D1AC47CAE006D4646 /* StorytimeTests.xctest */,
			);
			name = Products;
			sourceTree = "<group>";
		};
		DDC936871AC47CAE006D4646 /* Storytime */ = {
			isa = PBXGroup;
			children = (
				DD138C801AE572E600C74E8A /* TableViewCells */,
				DD138C7F1AE572CF00C74E8A /* View Controllers */,
				DDC9368A1AC47CAE006D4646 /* AppDelegate.swift */,
				DDC9368F1AC47CAE006D4646 /* ViewController.swift */,
				DD60BCFE1AF7FBA6000755E6 /* RankingSwitch.swift */,
				DDC936911AC47CAE006D4646 /* Main.storyboard */,
				DD10924E1B03DF5E00CEA7DC /* EULAViewController.swift */,
				DD60BCFC1AF7FA5F000755E6 /* SwitchView.xib */,
				DD1092521B03E5CE00CEA7DC /* SignupView.swift */,
				DD1092501B03E42200CEA7DC /* SignUpView.xib */,
				DDC936941AC47CAE006D4646 /* Images.xcassets */,
				DDC936961AC47CAE006D4646 /* LaunchScreen.xib */,
				DDC9368C1AC47CAE006D4646 /* Storytime.xcdatamodeld */,
				DDC936881AC47CAE006D4646 /* Supporting Files */,
			);
			path = Storytime;
			sourceTree = "<group>";
		};
		DDC936881AC47CAE006D4646 /* Supporting Files */ = {
			isa = PBXGroup;
			children = (
				DDC936891AC47CAE006D4646 /* Info.plist */,
			);
			name = "Supporting Files";
			sourceTree = "<group>";
		};
		DDC936A01AC47CAE006D4646 /* StorytimeTests */ = {
			isa = PBXGroup;
			children = (
				DDC936A31AC47CAE006D4646 /* StorytimeTests.swift */,
				DDC936A11AC47CAE006D4646 /* Supporting Files */,
			);
			path = StorytimeTests;
			sourceTree = "<group>";
		};
		DDC936A11AC47CAE006D4646 /* Supporting Files */ = {
			isa = PBXGroup;
			children = (
				DDC936A21AC47CAE006D4646 /* Info.plist */,
			);
			name = "Supporting Files";
			sourceTree = "<group>";
		};
		DDC939D21AC47FD8006D4646 /* fontello-dcf07f50 */ = {
			isa = PBXGroup;
			children = (
				DDC939D31AC47FD8006D4646 /* config.json */,
				DDC939D41AC47FD8006D4646 /* css */,
				DDC939DB1AC47FD8006D4646 /* demo.html */,
				DDC939DC1AC47FD8006D4646 /* font */,
				DDC939E11AC47FD8006D4646 /* LICENSE.txt */,
				DDC939E21AC47FD8006D4646 /* README.txt */,
			);
			path = "fontello-dcf07f50";
			sourceTree = "<group>";
		};
		DDC939D41AC47FD8006D4646 /* css */ = {
			isa = PBXGroup;
			children = (
				DDC939D51AC47FD8006D4646 /* animation.css */,
				DDC939D61AC47FD8006D4646 /* fontello-codes.css */,
				DDC939D71AC47FD8006D4646 /* fontello-embedded.css */,
				DDC939D81AC47FD8006D4646 /* fontello-ie7-codes.css */,
				DDC939D91AC47FD8006D4646 /* fontello-ie7.css */,
				DDC939DA1AC47FD8006D4646 /* fontello.css */,
			);
			path = css;
			sourceTree = "<group>";
		};
		DDC939DC1AC47FD8006D4646 /* font */ = {
			isa = PBXGroup;
			children = (
				DDC939DD1AC47FD8006D4646 /* fontello.eot */,
				DDC939DE1AC47FD8006D4646 /* fontello.svg */,
				DDC939DF1AC47FD8006D4646 /* fontello.ttf */,
				DDC939E01AC47FD8006D4646 /* fontello.woff */,
			);
			path = font;
			sourceTree = "<group>";
		};
		DDC939F71AC48268006D4646 /* Open Sans */ = {
			isa = PBXGroup;
			children = (
				DDC939F81AC48268006D4646 /* OpenSans-Bold.ttf */,
				DDC939F91AC48268006D4646 /* OpenSans-BoldItalic.ttf */,
				DDC939FA1AC48268006D4646 /* OpenSans-ExtraBold.ttf */,
				DDC939FB1AC48268006D4646 /* OpenSans-ExtraBoldItalic.ttf */,
				DDC939FC1AC48268006D4646 /* OpenSans-Italic.ttf */,
				DDC939FD1AC48268006D4646 /* OpenSans-Light.ttf */,
				DDC939FE1AC48268006D4646 /* OpenSans-LightItalic.ttf */,
				DDC939FF1AC48268006D4646 /* OpenSans-Regular.ttf */,
				DDC93A001AC48268006D4646 /* OpenSans-Semibold.ttf */,
				DDC93A011AC48268006D4646 /* OpenSans-SemiboldItalic.ttf */,
			);
			path = "Open Sans";
			sourceTree = "<group>";
		};
/* End PBXGroup section */

/* Begin PBXNativeTarget section */
		DDC936841AC47CAE006D4646 /* Storytime */ = {
			isa = PBXNativeTarget;
			buildConfigurationList = DDC936A71AC47CAE006D4646 /* Build configuration list for PBXNativeTarget "Storytime" */;
			buildPhases = (
				E6BB0E52BB8D8C1E18F3E8A7 /* Check Pods Manifest.lock */,
				DDC936811AC47CAE006D4646 /* Sources */,
				DDC936821AC47CAE006D4646 /* Frameworks */,
				DDC936831AC47CAE006D4646 /* Resources */,
				E9EA0EA513F9DBEF096CBB97 /* Copy Pods Resources */,
				DD2E0C401ADF797C003BB496 /* ShellScript */,
			);
			buildRules = (
			);
			dependencies = (
			);
			name = Storytime;
			productName = Storytime;
			productReference = DDC936851AC47CAE006D4646 /* Storytime.app */;
			productType = "com.apple.product-type.application";
		};
		DDC9369C1AC47CAE006D4646 /* StorytimeTests */ = {
			isa = PBXNativeTarget;
			buildConfigurationList = DDC936AA1AC47CAE006D4646 /* Build configuration list for PBXNativeTarget "StorytimeTests" */;
			buildPhases = (
				DDC936991AC47CAE006D4646 /* Sources */,
				DDC9369A1AC47CAE006D4646 /* Frameworks */,
				DDC9369B1AC47CAE006D4646 /* Resources */,
			);
			buildRules = (
			);
			dependencies = (
				DDC9369F1AC47CAE006D4646 /* PBXTargetDependency */,
			);
			name = StorytimeTests;
			productName = StorytimeTests;
			productReference = DDC9369D1AC47CAE006D4646 /* StorytimeTests.xctest */;
			productType = "com.apple.product-type.bundle.unit-test";
		};
/* End PBXNativeTarget section */

/* Begin PBXProject section */
		DDC9367D1AC47CAE006D4646 /* Project object */ = {
			isa = PBXProject;
			attributes = {
				LastUpgradeCheck = 0620;
				ORGANIZATIONNAME = "Franklin Ho";
				TargetAttributes = {
					DDC936841AC47CAE006D4646 = {
						CreatedOnToolsVersion = 6.2;
						DevelopmentTeam = GHV3FCRD8M;
						SystemCapabilities = {
							com.apple.InAppPurchase = {
								enabled = 0;
							};
						};
					};
					DDC9369C1AC47CAE006D4646 = {
						CreatedOnToolsVersion = 6.2;
						DevelopmentTeam = GHV3FCRD8M;
						TestTargetID = DDC936841AC47CAE006D4646;
					};
				};
			};
			buildConfigurationList = DDC936801AC47CAE006D4646 /* Build configuration list for PBXProject "Storytime" */;
			compatibilityVersion = "Xcode 3.2";
			developmentRegion = English;
			hasScannedForEncodings = 0;
			knownRegions = (
				en,
				Base,
			);
			mainGroup = DDC9367C1AC47CAE006D4646;
			productRefGroup = DDC936861AC47CAE006D4646 /* Products */;
			projectDirPath = "";
			projectRoot = "";
			targets = (
				DDC936841AC47CAE006D4646 /* Storytime */,
				DDC9369C1AC47CAE006D4646 /* StorytimeTests */,
			);
		};
/* End PBXProject section */

/* Begin PBXResourcesBuildPhase section */
		DDC936831AC47CAE006D4646 /* Resources */ = {
			isa = PBXResourcesBuildPhase;
			buildActionMask = 2147483647;
			files = (
				DDC939EE1AC47FD8006D4646 /* fontello.woff in Resources */,
				DDC93A0B1AC48268006D4646 /* OpenSans-SemiboldItalic.ttf in Resources */,
				DDC93A051AC48268006D4646 /* OpenSans-ExtraBoldItalic.ttf in Resources */,
				DD842DB31AF98319001B5FD9 /* AlternativeStoryweaveLogoTransparent.png in Resources */,
				DDC939F41AC48083006D4646 /* up_icon_white.png in Resources */,
				DDC93A031AC48268006D4646 /* OpenSans-BoldItalic.ttf in Resources */,
				DDC936931AC47CAE006D4646 /* Main.storyboard in Resources */,
				DDC939E61AC47FD8006D4646 /* fontello-embedded.css in Resources */,
				DDF06E931AD33038007D4954 /* up_icon_green.png in Resources */,
				DD9AD1C71AE6D72F00AE7EEB /* check_icon_green.png in Resources */,
				DDC939E71AC47FD8006D4646 /* fontello-ie7-codes.css in Resources */,
				DDC93A091AC48268006D4646 /* OpenSans-Regular.ttf in Resources */,
				DDC93A021AC48268006D4646 /* OpenSans-Bold.ttf in Resources */,
				DDF06E991AD453FD007D4954 /* plus_icon_white.png in Resources */,
				DDC939ED1AC47FD8006D4646 /* fontello.ttf in Resources */,
				DDC93A071AC48268006D4646 /* OpenSans-Light.ttf in Resources */,
				DDF06E9B1AD45857007D4954 /* user_icon_white.png in Resources */,
				DDC939E91AC47FD8006D4646 /* fontello.css in Resources */,
				DD1092511B03E42200CEA7DC /* SignUpView.xib in Resources */,
				DDF7AED41ADDD96E0033F487 /* flash_icon_off.png in Resources */,
				DDF06E951AD44ED2007D4954 /* switch_camera_icon.png in Resources */,
				DDC939F01AC47FD8006D4646 /* README.txt in Resources */,
				DDC93A061AC48268006D4646 /* OpenSans-Italic.ttf in Resources */,
				DD8C828B1AD5D52600B9A47B /* menu_icon_white.png in Resources */,
				DDC939E41AC47FD8006D4646 /* animation.css in Resources */,
				DDC939EB1AC47FD8006D4646 /* fontello.eot in Resources */,
				DDC939E51AC47FD8006D4646 /* fontello-codes.css in Resources */,
				DDC939EC1AC47FD8006D4646 /* fontello.svg in Resources */,
				DDC939EF1AC47FD8006D4646 /* LICENSE.txt in Resources */,
				DDC93A0A1AC48268006D4646 /* OpenSans-Semibold.ttf in Resources */,
				DD60BCFD1AF7FA5F000755E6 /* SwitchView.xib in Resources */,
				DDF7AED31ADDD96E0033F487 /* flash_icon_on.png in Resources */,
				DD9B26E21AD85F9800E6D3DE /* storyweave_logo.png in Resources */,
				DDC93A041AC48268006D4646 /* OpenSans-ExtraBold.ttf in Resources */,
				DDC93A191AC493FE006D4646 /* video_icon.png in Resources */,
				DDC939F61AC48178006D4646 /* circle_white.png in Resources */,
				DDF06E921AD33038007D4954 /* down_icon_red.png in Resources */,
				DDC939E81AC47FD8006D4646 /* fontello-ie7.css in Resources */,
				DDC93A1B1AC4940E006D4646 /* camera_icon.png in Resources */,
				DDC936981AC47CAE006D4646 /* LaunchScreen.xib in Resources */,
				DDC55B071AD49C0700659E70 /* play_button_icon_white.png in Resources */,
				DDC939EA1AC47FD8006D4646 /* demo.html in Resources */,
				DDC939F31AC48083006D4646 /* down_icon_white.png in Resources */,
				DDC939E31AC47FD8006D4646 /* config.json in Resources */,
				DDC936951AC47CAE006D4646 /* Images.xcassets in Resources */,
				DDF7AED21ADDD96E0033F487 /* flash_icon_auto.png in Resources */,
				DD3D460B1ACF1255001B38BD /* Podfile in Resources */,
				DDC93A081AC48268006D4646 /* OpenSans-LightItalic.ttf in Resources */,
				DDC93A1D1AC49422006D4646 /* text_icon.png in Resources */,
				DDC55B051AD4965A00659E70 /* user_icon_scaled_white.png in Resources */,
			);
			runOnlyForDeploymentPostprocessing = 0;
		};
		DDC9369B1AC47CAE006D4646 /* Resources */ = {
			isa = PBXResourcesBuildPhase;
			buildActionMask = 2147483647;
			files = (
			);
			runOnlyForDeploymentPostprocessing = 0;
		};
/* End PBXResourcesBuildPhase section */

/* Begin PBXShellScriptBuildPhase section */
		DD2E0C401ADF797C003BB496 /* ShellScript */ = {
			isa = PBXShellScriptBuildPhase;
			buildActionMask = 2147483647;
			files = (
			);
			inputPaths = (
			);
			outputPaths = (
			);
			runOnlyForDeploymentPostprocessing = 0;
			shellPath = /bin/sh;
			shellScript = "./Fabric.framework/run 09b1d8d479d2be4c03490bf94bade2baeea9e536 86db66431deba0d54161380eba79a0985623a6887b0188d997f1827ed3552a1f";
		};
		E6BB0E52BB8D8C1E18F3E8A7 /* Check Pods Manifest.lock */ = {
			isa = PBXShellScriptBuildPhase;
			buildActionMask = 2147483647;
			files = (
			);
			inputPaths = (
			);
			name = "Check Pods Manifest.lock";
			outputPaths = (
			);
			runOnlyForDeploymentPostprocessing = 0;
			shellPath = /bin/sh;
			shellScript = "diff \"${PODS_ROOT}/../Podfile.lock\" \"${PODS_ROOT}/Manifest.lock\" > /dev/null\nif [[ $? != 0 ]] ; then\n    cat << EOM\nerror: The sandbox is not in sync with the Podfile.lock. Run 'pod install' or update your CocoaPods installation.\nEOM\n    exit 1\nfi\n";
			showEnvVarsInLog = 0;
		};
		E9EA0EA513F9DBEF096CBB97 /* Copy Pods Resources */ = {
			isa = PBXShellScriptBuildPhase;
			buildActionMask = 2147483647;
			files = (
			);
			inputPaths = (
			);
			name = "Copy Pods Resources";
			outputPaths = (
			);
			runOnlyForDeploymentPostprocessing = 0;
			shellPath = /bin/sh;
			shellScript = "\"${SRCROOT}/Pods/Target Support Files/Pods/Pods-resources.sh\"\n";
			showEnvVarsInLog = 0;
		};
/* End PBXShellScriptBuildPhase section */

/* Begin PBXSourcesBuildPhase section */
		DDC936811AC47CAE006D4646 /* Sources */ = {
			isa = PBXSourcesBuildPhase;
			buildActionMask = 2147483647;
			files = (
				DDC93A131AC48FA2006D4646 /* StoryTextTableViewCell.swift in Sources */,
				DD10924F1B03DF5E00CEA7DC /* EULAViewController.swift in Sources */,
				DDC93A0F1AC48E22006D4646 /* StoryViewController.swift in Sources */,
				DD10924D1B03DF4B00CEA7DC /* PrivacyPolicyViewController.swift in Sources */,
				DDC936901AC47CAE006D4646 /* ViewController.swift in Sources */,
				DD42B7211AF4192E0001565A /* SettingsViewController.swift in Sources */,
				DDF06E971AD4529F007D4954 /* CreateProfileViewController.swift in Sources */,
				DD9B26E01AD8578A00E6D3DE /* CustomSignUpViewController.swift in Sources */,
				DD138C821AE58D8500C74E8A /* AddAuthorViewController.swift in Sources */,
				DD1092531B03E5CE00CEA7DC /* SignupView.swift in Sources */,
				DDC93A171AC48FB9006D4646 /* StoryCreateTableViewCell.swift in Sources */,
				DDC93A151AC48FAD006D4646 /* StoryVideoTableViewCell.swift in Sources */,
				DD8C82851AD5CE1E00B9A47B /* ProfileViewController.swift in Sources */,
				DD60BCFF1AF7FBA6000755E6 /* RankingSwitch.swift in Sources */,
				DD3F06A81AFBEFE300647963 /* PostersViewController.swift in Sources */,
				DDF7AED61ADDEC8D0033F487 /* CommentsViewController.swift in Sources */,
				DD138C841AE58F1600C74E8A /* UserTableViewCell.swift in Sources */,
				DDC93A111AC48F96006D4646 /* StoryImageTableViewCell.swift in Sources */,
				DD3F06AA1AFC158900647963 /* ProfileImageViewController.swift in Sources */,
				DDC9368E1AC47CAE006D4646 /* Storytime.xcdatamodeld in Sources */,
				DDC9368B1AC47CAE006D4646 /* AppDelegate.swift in Sources */,
				DD9B26DE1AD8574600E6D3DE /* CustomLoginViewController.swift in Sources */,
				DDC936AE1AC47D32006D4646 /* RankingViewController.swift in Sources */,
				DD4A77241AF3DF5300573585 /* HamburgerViewController.swift in Sources */,
				DDC93A0D1AC48589006D4646 /* RankingTableViewCell.swift in Sources */,
				DDF7AED81ADDECC70033F487 /* CommentsTableViewCell.swift in Sources */,
				DDDCFF281AFD4A3400975940 /* SpinnerTableViewCell.swift in Sources */,
			);
			runOnlyForDeploymentPostprocessing = 0;
		};
		DDC936991AC47CAE006D4646 /* Sources */ = {
			isa = PBXSourcesBuildPhase;
			buildActionMask = 2147483647;
			files = (
				DDC936A41AC47CAE006D4646 /* StorytimeTests.swift in Sources */,
			);
			runOnlyForDeploymentPostprocessing = 0;
		};
/* End PBXSourcesBuildPhase section */

/* Begin PBXTargetDependency section */
		DDC9369F1AC47CAE006D4646 /* PBXTargetDependency */ = {
			isa = PBXTargetDependency;
			target = DDC936841AC47CAE006D4646 /* Storytime */;
			targetProxy = DDC9369E1AC47CAE006D4646 /* PBXContainerItemProxy */;
		};
/* End PBXTargetDependency section */

/* Begin PBXVariantGroup section */
		DDC936911AC47CAE006D4646 /* Main.storyboard */ = {
			isa = PBXVariantGroup;
			children = (
				DDC936921AC47CAE006D4646 /* Base */,
			);
			name = Main.storyboard;
			sourceTree = "<group>";
		};
		DDC936961AC47CAE006D4646 /* LaunchScreen.xib */ = {
			isa = PBXVariantGroup;
			children = (
				DDC936971AC47CAE006D4646 /* Base */,
			);
			name = LaunchScreen.xib;
			sourceTree = "<group>";
		};
/* End PBXVariantGroup section */

/* Begin XCBuildConfiguration section */
		DDC936A51AC47CAE006D4646 /* Debug */ = {
			isa = XCBuildConfiguration;
			buildSettings = {
				ALWAYS_SEARCH_USER_PATHS = NO;
				CLANG_CXX_LANGUAGE_STANDARD = "gnu++0x";
				CLANG_CXX_LIBRARY = "libc++";
				CLANG_ENABLE_MODULES = YES;
				CLANG_ENABLE_OBJC_ARC = YES;
				CLANG_WARN_BOOL_CONVERSION = YES;
				CLANG_WARN_CONSTANT_CONVERSION = YES;
				CLANG_WARN_DIRECT_OBJC_ISA_USAGE = YES_ERROR;
				CLANG_WARN_EMPTY_BODY = YES;
				CLANG_WARN_ENUM_CONVERSION = YES;
				CLANG_WARN_INT_CONVERSION = YES;
				CLANG_WARN_OBJC_ROOT_CLASS = YES_ERROR;
				CLANG_WARN_UNREACHABLE_CODE = YES;
				CLANG_WARN__DUPLICATE_METHOD_MATCH = YES;
				"CODE_SIGN_IDENTITY[sdk=iphoneos*]" = "iPhone Developer";
				COPY_PHASE_STRIP = NO;
				ENABLE_STRICT_OBJC_MSGSEND = YES;
				GCC_C_LANGUAGE_STANDARD = gnu99;
				GCC_DYNAMIC_NO_PIC = NO;
				GCC_OPTIMIZATION_LEVEL = 0;
				GCC_PREPROCESSOR_DEFINITIONS = (
					"DEBUG=1",
					"$(inherited)",
				);
				GCC_SYMBOLS_PRIVATE_EXTERN = NO;
				GCC_WARN_64_TO_32_BIT_CONVERSION = YES;
				GCC_WARN_ABOUT_RETURN_TYPE = YES_ERROR;
				GCC_WARN_UNDECLARED_SELECTOR = YES;
				GCC_WARN_UNINITIALIZED_AUTOS = YES_AGGRESSIVE;
				GCC_WARN_UNUSED_FUNCTION = YES;
				GCC_WARN_UNUSED_VARIABLE = YES;
				IPHONEOS_DEPLOYMENT_TARGET = 8.2;
				MTL_ENABLE_DEBUG_INFO = YES;
				ONLY_ACTIVE_ARCH = YES;
				PROVISIONING_PROFILE = "7b154135-68f8-4428-ab63-bbb8d3026580";
				SDKROOT = iphoneos;
				SWIFT_OPTIMIZATION_LEVEL = "-Onone";
			};
			name = Debug;
		};
		DDC936A61AC47CAE006D4646 /* Release */ = {
			isa = XCBuildConfiguration;
			buildSettings = {
				ALWAYS_SEARCH_USER_PATHS = NO;
				CLANG_CXX_LANGUAGE_STANDARD = "gnu++0x";
				CLANG_CXX_LIBRARY = "libc++";
				CLANG_ENABLE_MODULES = YES;
				CLANG_ENABLE_OBJC_ARC = YES;
				CLANG_WARN_BOOL_CONVERSION = YES;
				CLANG_WARN_CONSTANT_CONVERSION = YES;
				CLANG_WARN_DIRECT_OBJC_ISA_USAGE = YES_ERROR;
				CLANG_WARN_EMPTY_BODY = YES;
				CLANG_WARN_ENUM_CONVERSION = YES;
				CLANG_WARN_INT_CONVERSION = YES;
				CLANG_WARN_OBJC_ROOT_CLASS = YES_ERROR;
				CLANG_WARN_UNREACHABLE_CODE = YES;
				CLANG_WARN__DUPLICATE_METHOD_MATCH = YES;
				"CODE_SIGN_IDENTITY[sdk=iphoneos*]" = "iPhone Developer";
				COPY_PHASE_STRIP = NO;
				ENABLE_NS_ASSERTIONS = NO;
				ENABLE_STRICT_OBJC_MSGSEND = YES;
				GCC_C_LANGUAGE_STANDARD = gnu99;
				GCC_WARN_64_TO_32_BIT_CONVERSION = YES;
				GCC_WARN_ABOUT_RETURN_TYPE = YES_ERROR;
				GCC_WARN_UNDECLARED_SELECTOR = YES;
				GCC_WARN_UNINITIALIZED_AUTOS = YES_AGGRESSIVE;
				GCC_WARN_UNUSED_FUNCTION = YES;
				GCC_WARN_UNUSED_VARIABLE = YES;
				IPHONEOS_DEPLOYMENT_TARGET = 8.2;
				MTL_ENABLE_DEBUG_INFO = NO;
				PROVISIONING_PROFILE = "7b154135-68f8-4428-ab63-bbb8d3026580";
				SDKROOT = iphoneos;
				VALIDATE_PRODUCT = YES;
			};
			name = Release;
		};
		DDC936A81AC47CAE006D4646 /* Debug */ = {
			isa = XCBuildConfiguration;
			baseConfigurationReference = 50D9B7673DE49B0BA43B5277 /* Pods.debug.xcconfig */;
			buildSettings = {
				ASSETCATALOG_COMPILER_APPICON_NAME = AppIcon;
				CLANG_ENABLE_MODULES = YES;
				CODE_SIGN_IDENTITY = "iPhone Developer";
				"CODE_SIGN_IDENTITY[sdk=iphoneos*]" = "";
				FRAMEWORK_SEARCH_PATHS = (
					"$(inherited)",
					/Users/fho/Documents/FacebookSDK,
					"$(PROJECT_DIR)/FacebookSDK",
					"$(PROJECT_DIR)",
					"$(PROJECT_DIR)/Pods/Parse",
				);
				INFOPLIST_FILE = Storytime/Info.plist;
				LD_RUNPATH_SEARCH_PATHS = "$(inherited) @executable_path/Frameworks";
				PRODUCT_NAME = "$(TARGET_NAME)";
				PROVISIONING_PROFILE = "7b154135-68f8-4428-ab63-bbb8d3026580";
				SWIFT_OBJC_BRIDGING_HEADER = "Storytime-Bridging-Header.h";
				SWIFT_OPTIMIZATION_LEVEL = "-Onone";
				TARGETED_DEVICE_FAMILY = 1;
			};
			name = Debug;
		};
		DDC936A91AC47CAE006D4646 /* Release */ = {
			isa = XCBuildConfiguration;
			baseConfigurationReference = A9FD829E06F375ECF0A329F6 /* Pods.release.xcconfig */;
			buildSettings = {
				ASSETCATALOG_COMPILER_APPICON_NAME = AppIcon;
				CLANG_ENABLE_MODULES = YES;
				CODE_SIGN_IDENTITY = "iPhone Developer";
				"CODE_SIGN_IDENTITY[sdk=iphoneos*]" = "";
				FRAMEWORK_SEARCH_PATHS = (
					"$(inherited)",
					/Users/fho/Documents/FacebookSDK,
					"$(PROJECT_DIR)/FacebookSDK",
					"$(PROJECT_DIR)",
					"$(PROJECT_DIR)/Pods/Parse",
				);
				INFOPLIST_FILE = Storytime/Info.plist;
				LD_RUNPATH_SEARCH_PATHS = "$(inherited) @executable_path/Frameworks";
				PRODUCT_NAME = "$(TARGET_NAME)";
				PROVISIONING_PROFILE = "7b154135-68f8-4428-ab63-bbb8d3026580";
				SWIFT_OBJC_BRIDGING_HEADER = "Storytime-Bridging-Header.h";
				TARGETED_DEVICE_FAMILY = 1;
			};
			name = Release;
		};
		DDC936AB1AC47CAE006D4646 /* Debug */ = {
			isa = XCBuildConfiguration;
			buildSettings = {
				BUNDLE_LOADER = "$(TEST_HOST)";
				CODE_SIGN_IDENTITY = "iPhone Developer";
				"CODE_SIGN_IDENTITY[sdk=iphoneos*]" = "iPhone Developer";
				FRAMEWORK_SEARCH_PATHS = (
					"$(SDKROOT)/Developer/Library/Frameworks",
					"$(inherited)",
				);
				GCC_PREPROCESSOR_DEFINITIONS = (
					"DEBUG=1",
					"$(inherited)",
				);
				INFOPLIST_FILE = StorytimeTests/Info.plist;
				LD_RUNPATH_SEARCH_PATHS = "$(inherited) @executable_path/Frameworks @loader_path/Frameworks";
				PRODUCT_NAME = "$(TARGET_NAME)";
				PROVISIONING_PROFILE = "";
				TEST_HOST = "$(BUILT_PRODUCTS_DIR)/Storytime.app/Storytime";
			};
			name = Debug;
		};
		DDC936AC1AC47CAE006D4646 /* Release */ = {
			isa = XCBuildConfiguration;
			buildSettings = {
				BUNDLE_LOADER = "$(TEST_HOST)";
				CODE_SIGN_IDENTITY = "iPhone Developer";
				"CODE_SIGN_IDENTITY[sdk=iphoneos*]" = "iPhone Developer";
				FRAMEWORK_SEARCH_PATHS = (
					"$(SDKROOT)/Developer/Library/Frameworks",
					"$(inherited)",
				);
				INFOPLIST_FILE = StorytimeTests/Info.plist;
				LD_RUNPATH_SEARCH_PATHS = "$(inherited) @executable_path/Frameworks @loader_path/Frameworks";
				PRODUCT_NAME = "$(TARGET_NAME)";
				PROVISIONING_PROFILE = "";
				TEST_HOST = "$(BUILT_PRODUCTS_DIR)/Storytime.app/Storytime";
			};
			name = Release;
		};
/* End XCBuildConfiguration section */

/* Begin XCConfigurationList section */
		DDC936801AC47CAE006D4646 /* Build configuration list for PBXProject "Storytime" */ = {
			isa = XCConfigurationList;
			buildConfigurations = (
				DDC936A51AC47CAE006D4646 /* Debug */,
				DDC936A61AC47CAE006D4646 /* Release */,
			);
			defaultConfigurationIsVisible = 0;
			defaultConfigurationName = Release;
		};
		DDC936A71AC47CAE006D4646 /* Build configuration list for PBXNativeTarget "Storytime" */ = {
			isa = XCConfigurationList;
			buildConfigurations = (
				DDC936A81AC47CAE006D4646 /* Debug */,
				DDC936A91AC47CAE006D4646 /* Release */,
			);
			defaultConfigurationIsVisible = 0;
			defaultConfigurationName = Release;
		};
		DDC936AA1AC47CAE006D4646 /* Build configuration list for PBXNativeTarget "StorytimeTests" */ = {
			isa = XCConfigurationList;
			buildConfigurations = (
				DDC936AB1AC47CAE006D4646 /* Debug */,
				DDC936AC1AC47CAE006D4646 /* Release */,
			);
			defaultConfigurationIsVisible = 0;
			defaultConfigurationName = Release;
		};
/* End XCConfigurationList section */

/* Begin XCVersionGroup section */
		DDC9368C1AC47CAE006D4646 /* Storytime.xcdatamodeld */ = {
			isa = XCVersionGroup;
			children = (
				DDC9368D1AC47CAE006D4646 /* Storytime.xcdatamodel */,
			);
			currentVersion = DDC9368D1AC47CAE006D4646 /* Storytime.xcdatamodel */;
			path = Storytime.xcdatamodeld;
			sourceTree = "<group>";
			versionGroupType = wrapper.xcdatamodel;
		};
/* End XCVersionGroup section */
	};
	rootObject = DDC9367D1AC47CAE006D4646 /* Project object */;
}
